
Microsoft Visual Studio Solution File, Format Version 12.00
# Visual Studio Version 17
VisualStudioVersion = 17.0.31903.59
MinimumVisualStudioVersion = 10.0.40219.1
Project("{2150E333-8FDC-42A3-9474-1A3956D46DE8}") = "src", "src", "{470805CD-C3D2-40B8-8AFC-7F2691AB77C1}"
EndProject
Project("{FAE04EC0-301F-11D3-BF4B-00C04F79EFBC}") = "AuctionService", "src\AuctionService\AuctionService.csproj", "{A8C11231-6AF7-461B-A6C4-58DF0D8C2A57}"
EndProject
Project("{FAE04EC0-301F-11D3-BF4B-00C04F79EFBC}") = "SearchService", "src\SearchService\SearchService.csproj", "{F25CA12E-F5DD-4D94-A13B-E5BF576CEA75}"
EndProject
Project("{FAE04EC0-301F-11D3-BF4B-00C04F79EFBC}") = "Contracts", "src\Contracts\Contracts.csproj", "{E3467075-883B-47CF-B21A-F3918DF80213}"
EndProject
Project("{FAE04EC0-301F-11D3-BF4B-00C04F79EFBC}") = "IdentityService", "src\IdentityService\IdentityService.csproj", "{36C15967-2F49-4656-8116-6BC7B6B615DF}"
EndProject
Project("{FAE04EC0-301F-11D3-BF4B-00C04F79EFBC}") = "GatewayService", "src\GatewayService\GatewayService.csproj", "{AD3D2343-4546-4975-8250-3650FF9ED9BB}"
EndProject
Project("{FAE04EC0-301F-11D3-BF4B-00C04F79EFBC}") = "BiddingService", "src\BiddingService\BiddingService.csproj", "{B2882AF2-8983-42C1-9BA4-CD26A0413BA9}"
EndProject
Project("{FAE04EC0-301F-11D3-BF4B-00C04F79EFBC}") = "NotificationService", "src\NotificationService\NotificationService.csproj", "{CA9683E3-A95D-4ED7-AFBD-0431BD3B50DF}"
EndProject
Global
	GlobalSection(SolutionConfigurationPlatforms) = preSolution
		Debug|Any CPU = Debug|Any CPU
		Release|Any CPU = Release|Any CPU
	EndGlobalSection
	GlobalSection(SolutionProperties) = preSolution
		HideSolutionNode = FALSE
	EndGlobalSection
	GlobalSection(ProjectConfigurationPlatforms) = postSolution
		{A8C11231-6AF7-461B-A6C4-58DF0D8C2A57}.Debug|Any CPU.ActiveCfg = Debug|Any CPU
		{A8C11231-6AF7-461B-A6C4-58DF0D8C2A57}.Debug|Any CPU.Build.0 = Debug|Any CPU
		{A8C11231-6AF7-461B-A6C4-58DF0D8C2A57}.Release|Any CPU.ActiveCfg = Release|Any CPU
		{A8C11231-6AF7-461B-A6C4-58DF0D8C2A57}.Release|Any CPU.Build.0 = Release|Any CPU
		{F25CA12E-F5DD-4D94-A13B-E5BF576CEA75}.Debug|Any CPU.ActiveCfg = Debug|Any CPU
		{F25CA12E-F5DD-4D94-A13B-E5BF576CEA75}.Debug|Any CPU.Build.0 = Debug|Any CPU
		{F25CA12E-F5DD-4D94-A13B-E5BF576CEA75}.Release|Any CPU.ActiveCfg = Release|Any CPU
		{F25CA12E-F5DD-4D94-A13B-E5BF576CEA75}.Release|Any CPU.Build.0 = Release|Any CPU
		{E3467075-883B-47CF-B21A-F3918DF80213}.Debug|Any CPU.ActiveCfg = Debug|Any CPU
		{E3467075-883B-47CF-B21A-F3918DF80213}.Debug|Any CPU.Build.0 = Debug|Any CPU
		{E3467075-883B-47CF-B21A-F3918DF80213}.Release|Any CPU.ActiveCfg = Release|Any CPU
		{E3467075-883B-47CF-B21A-F3918DF80213}.Release|Any CPU.Build.0 = Release|Any CPU
		{36C15967-2F49-4656-8116-6BC7B6B615DF}.Debug|Any CPU.ActiveCfg = Debug|Any CPU
		{36C15967-2F49-4656-8116-6BC7B6B615DF}.Debug|Any CPU.Build.0 = Debug|Any CPU
		{36C15967-2F49-4656-8116-6BC7B6B615DF}.Release|Any CPU.ActiveCfg = Release|Any CPU
		{36C15967-2F49-4656-8116-6BC7B6B615DF}.Release|Any CPU.Build.0 = Release|Any CPU
		{AD3D2343-4546-4975-8250-3650FF9ED9BB}.Debug|Any CPU.ActiveCfg = Debug|Any CPU
		{AD3D2343-4546-4975-8250-3650FF9ED9BB}.Debug|Any CPU.Build.0 = Debug|Any CPU
		{AD3D2343-4546-4975-8250-3650FF9ED9BB}.Release|Any CPU.ActiveCfg = Release|Any CPU
		{AD3D2343-4546-4975-8250-3650FF9ED9BB}.Release|Any CPU.Build.0 = Release|Any CPU
		{B2882AF2-8983-42C1-9BA4-CD26A0413BA9}.Debug|Any CPU.ActiveCfg = Debug|Any CPU
		{B2882AF2-8983-42C1-9BA4-CD26A0413BA9}.Debug|Any CPU.Build.0 = Debug|Any CPU
		{B2882AF2-8983-42C1-9BA4-CD26A0413BA9}.Release|Any CPU.ActiveCfg = Release|Any CPU
		{B2882AF2-8983-42C1-9BA4-CD26A0413BA9}.Release|Any CPU.Build.0 = Release|Any CPU
		{CA9683E3-A95D-4ED7-AFBD-0431BD3B50DF}.Debug|Any CPU.ActiveCfg = Debug|Any CPU
		{CA9683E3-A95D-4ED7-AFBD-0431BD3B50DF}.Debug|Any CPU.Build.0 = Debug|Any CPU
		{CA9683E3-A95D-4ED7-AFBD-0431BD3B50DF}.Release|Any CPU.ActiveCfg = Release|Any CPU
		{CA9683E3-A95D-4ED7-AFBD-0431BD3B50DF}.Release|Any CPU.Build.0 = Release|Any CPU
	EndGlobalSection
	GlobalSection(NestedProjects) = preSolution
		{A8C11231-6AF7-461B-A6C4-58DF0D8C2A57} = {470805CD-C3D2-40B8-8AFC-7F2691AB77C1}
		{F25CA12E-F5DD-4D94-A13B-E5BF576CEA75} = {470805CD-C3D2-40B8-8AFC-7F2691AB77C1}
		{E3467075-883B-47CF-B21A-F3918DF80213} = {470805CD-C3D2-40B8-8AFC-7F2691AB77C1}
		{36C15967-2F49-4656-8116-6BC7B6B615DF} = {470805CD-C3D2-40B8-8AFC-7F2691AB77C1}
		{AD3D2343-4546-4975-8250-3650FF9ED9BB} = {470805CD-C3D2-40B8-8AFC-7F2691AB77C1}
		{B2882AF2-8983-42C1-9BA4-CD26A0413BA9} = {470805CD-C3D2-40B8-8AFC-7F2691AB77C1}
		{CA9683E3-A95D-4ED7-AFBD-0431BD3B50DF} = {470805CD-C3D2-40B8-8AFC-7F2691AB77C1}
	EndGlobalSection
EndGlobal
